# This file is automatically @generated by Cargo.
# It is not intended for manual editing.
version = 4

[[package]]
name = "rustykrab-ast"
version = "0.1.0"

[[package]]
name = "rustykrab-cli"
version = "0.1.0"

[[package]]
name = "rustykrab-compose"
version = "0.1.0"

[[package]]
name = "rustykrab-core"
version = "0.1.0"

[[package]]
name = "rustykrab-generator"
version = "0.1.0"

[[package]]
name = "rustykrab-parser"
version = "0.1.0"

[[package]]
name = "rustykrab-swiftui"
version = "0.1.0"

[[package]]
name = "rustykrab-widget"
version = "0.1.0"
